// !$*UTF8*$!
{
	archiveVersion = 1;
	classes = {
	};
	objectVersion = 46;
	objects = {

/* Begin PBXBuildFile section */
		DBE3D02615598B4300B512A9 /* UIKit.framework in Frameworks */ = {isa = PBXBuildFile; fileRef = DBE3D02515598B4300B512A9 /* UIKit.framework */; };
		DBE3D02815598B4300B512A9 /* Foundation.framework in Frameworks */ = {isa = PBXBuildFile; fileRef = DBE3D02715598B4300B512A9 /* Foundation.framework */; };
		DBE3D02A15598B4300B512A9 /* CoreGraphics.framework in Frameworks */ = {isa = PBXBuildFile; fileRef = DBE3D02915598B4300B512A9 /* CoreGraphics.framework */; };
		DBE3D03015598B4300B512A9 /* InfoPlist.strings in Resources */ = {isa = PBXBuildFile; fileRef = DBE3D02E15598B4300B512A9 /* InfoPlist.strings */; };
		DBE3D03215598B4300B512A9 /* main.m in Sources */ = {isa = PBXBuildFile; fileRef = DBE3D03115598B4300B512A9 /* main.m */; };
		DBE3D03615598B4300B512A9 /* UIClearToolbarAppDelegate.m in Sources */ = {isa = PBXBuildFile; fileRef = DBE3D03515598B4300B512A9 /* UIClearToolbarAppDelegate.m */; };
		DBE3D03915598B4300B512A9 /* MainStoryboard_iPhone.storyboard in Resources */ = {isa = PBXBuildFile; fileRef = DBE3D03715598B4300B512A9 /* MainStoryboard_iPhone.storyboard */; };
		DBE3D03C15598B4300B512A9 /* MainStoryboard_iPad.storyboard in Resources */ = {isa = PBXBuildFile; fileRef = DBE3D03A15598B4300B512A9 /* MainStoryboard_iPad.storyboard */; };
		DBE3D03F15598B4300B512A9 /* UIClearToolbarViewController.m in Sources */ = {isa = PBXBuildFile; fileRef = DBE3D03E15598B4300B512A9 /* UIClearToolbarViewController.m */; };
		DBE3D04715598BA600B512A9 /* UIClearToolbar.m in Sources */ = {isa = PBXBuildFile; fileRef = DBE3D04615598BA600B512A9 /* UIClearToolbar.m */; };
/* End PBXBuildFile section */

/* Begin PBXFileReference section */
		DBE3D02115598B4300B512A9 /* UIClearToolbar.app */ = {isa = PBXFileReference; explicitFileType = wrapper.application; includeInIndex = 0; path = UIClearToolbar.app; sourceTree = BUILT_PRODUCTS_DIR; };
		DBE3D02515598B4300B512A9 /* UIKit.framework */ = {isa = PBXFileReference; lastKnownFileType = wrapper.framework; name = UIKit.framework; path = System/Library/Frameworks/UIKit.framework; sourceTree = SDKROOT; };
		DBE3D02715598B4300B512A9 /* Foundation.framework */ = {isa = PBXFileReference; lastKnownFileType = wrapper.framework; name = Foundation.framework; path = System/Library/Frameworks/Foundation.framework; sourceTree = SDKROOT; };
		DBE3D02915598B4300B512A9 /* CoreGraphics.framework */ = {isa = PBXFileReference; lastKnownFileType = wrapper.framework; name = CoreGraphics.framework; path = System/Library/Frameworks/CoreGraphics.framework; sourceTree = SDKROOT; };
		DBE3D02D15598B4300B512A9 /* UIClearToolbar-Info.plist */ = {isa = PBXFileReference; lastKnownFileType = text.plist.xml; path = "UIClearToolbar-Info.plist"; sourceTree = "<group>"; };
		DBE3D02F15598B4300B512A9 /* en */ = {isa = PBXFileReference; lastKnownFileType = text.plist.strings; name = en; path = en.lproj/InfoPlist.strings; sourceTree = "<group>"; };
		DBE3D03115598B4300B512A9 /* main.m */ = {isa = PBXFileReference; lastKnownFileType = sourcecode.c.objc; path = main.m; sourceTree = "<group>"; };
		DBE3D03315598B4300B512A9 /* UIClearToolbar-Prefix.pch */ = {isa = PBXFileReference; lastKnownFileType = sourcecode.c.h; path = "UIClearToolbar-Prefix.pch"; sourceTree = "<group>"; };
		DBE3D03415598B4300B512A9 /* UIClearToolbarAppDelegate.h */ = {isa = PBXFileReference; lastKnownFileType = sourcecode.c.h; path = UIClearToolbarAppDelegate.h; sourceTree = "<group>"; };
		DBE3D03515598B4300B512A9 /* UIClearToolbarAppDelegate.m */ = {isa = PBXFileReference; lastKnownFileType = sourcecode.c.objc; path = UIClearToolbarAppDelegate.m; sourceTree = "<group>"; };
		DBE3D03815598B4300B512A9 /* en */ = {isa = PBXFileReference; lastKnownFileType = file.storyboard; name = en; path = en.lproj/MainStoryboard_iPhone.storyboard; sourceTree = "<group>"; };
		DBE3D03B15598B4300B512A9 /* en */ = {isa = PBXFileReference; lastKnownFileType = file.storyboard; name = en; path = en.lproj/MainStoryboard_iPad.storyboard; sourceTree = "<group>"; };
		DBE3D03D15598B4300B512A9 /* UIClearToolbarViewController.h */ = {isa = PBXFileReference; lastKnownFileType = sourcecode.c.h; path = UIClearToolbarViewController.h; sourceTree = "<group>"; };
		DBE3D03E15598B4300B512A9 /* UIClearToolbarViewController.m */ = {isa = PBXFileReference; lastKnownFileType = sourcecode.c.objc; path = UIClearToolbarViewController.m; sourceTree = "<group>"; };
		DBE3D04515598BA600B512A9 /* UIClearToolbar.h */ = {isa = PBXFileReference; fileEncoding = 4; lastKnownFileType = sourcecode.c.h; path = UIClearToolbar.h; sourceTree = "<group>"; };
		DBE3D04615598BA600B512A9 /* UIClearToolbar.m */ = {isa = PBXFileReference; fileEncoding = 4; lastKnownFileType = sourcecode.c.objc; path = UIClearToolbar.m; sourceTree = "<group>"; };
/* End PBXFileReference section */

/* Begin PBXFrameworksBuildPhase section */
		DBE3D01E15598B4300B512A9 /* Frameworks */ = {
			isa = PBXFrameworksBuildPhase;
			buildActionMask = 2147483647;
			files = (
				DBE3D02615598B4300B512A9 /* UIKit.framework in Frameworks */,
				DBE3D02815598B4300B512A9 /* Foundation.framework in Frameworks */,
				DBE3D02A15598B4300B512A9 /* CoreGraphics.framework in Frameworks */,
			);
			runOnlyForDeploymentPostprocessing = 0;
		};
/* End PBXFrameworksBuildPhase section */

/* Begin PBXGroup section */
		DBE3D01615598B4300B512A9 = {
			isa = PBXGroup;
			children = (
				DBE3D02B15598B4300B512A9 /* UIClearToolbar */,
				DBE3D02415598B4300B512A9 /* Frameworks */,
				DBE3D02215598B4300B512A9 /* Products */,
			);
			sourceTree = "<group>";
		};
		DBE3D02215598B4300B512A9 /* Products */ = {
			isa = PBXGroup;
			children = (
				DBE3D02115598B4300B512A9 /* UIClearToolbar.app */,
			);
			name = Products;
			sourceTree = "<group>";
		};
		DBE3D02415598B4300B512A9 /* Frameworks */ = {
			isa = PBXGroup;
			children = (
				DBE3D02515598B4300B512A9 /* UIKit.framework */,
				DBE3D02715598B4300B512A9 /* Foundation.framework */,
				DBE3D02915598B4300B512A9 /* CoreGraphics.framework */,
			);
			name = Frameworks;
			sourceTree = "<group>";
		};
		DBE3D02B15598B4300B512A9 /* UIClearToolbar */ = {
			isa = PBXGroup;
			children = (
				DBE3D03415598B4300B512A9 /* UIClearToolbarAppDelegate.h */,
				DBE3D03515598B4300B512A9 /* UIClearToolbarAppDelegate.m */,
				DBE3D03715598B4300B512A9 /* MainStoryboard_iPhone.storyboard */,
				DBE3D03A15598B4300B512A9 /* MainStoryboard_iPad.storyboard */,
				DBE3D03D15598B4300B512A9 /* UIClearToolbarViewController.h */,
				DBE3D03E15598B4300B512A9 /* UIClearToolbarViewController.m */,
				DBE3D04515598BA600B512A9 /* UIClearToolbar.h */,
				DBE3D04615598BA600B512A9 /* UIClearToolbar.m */,
				DBE3D02C15598B4300B512A9 /* Supporting Files */,
			);
			path = UIClearToolbar;
			sourceTree = "<group>";
		};
		DBE3D02C15598B4300B512A9 /* Supporting Files */ = {
			isa = PBXGroup;
			children = (
				DBE3D02D15598B4300B512A9 /* UIClearToolbar-Info.plist */,
				DBE3D02E15598B4300B512A9 /* InfoPlist.strings */,
				DBE3D03115598B4300B512A9 /* main.m */,
				DBE3D03315598B4300B512A9 /* UIClearToolbar-Prefix.pch */,
			);
			name = "Supporting Files";
			sourceTree = "<group>";
		};
/* End PBXGroup section */

/* Begin PBXNativeTarget section */
		DBE3D02015598B4300B512A9 /* UIClearToolbar */ = {
			isa = PBXNativeTarget;
			buildConfigurationList = DBE3D04215598B4300B512A9 /* Build configuration list for PBXNativeTarget "UIClearToolbar" */;
			buildPhases = (
				DBE3D01D15598B4300B512A9 /* Sources */,
				DBE3D01E15598B4300B512A9 /* Frameworks */,
				DBE3D01F15598B4300B512A9 /* Resources */,
			);
			buildRules = (
			);
			dependencies = (
			);
			name = UIClearToolbar;
			productName = UIClearToolbar;
			productReference = DBE3D02115598B4300B512A9 /* UIClearToolbar.app */;
			productType = "com.apple.product-type.application";
		};
/* End PBXNativeTarget section */

/* Begin PBXProject section */
		DBE3D01815598B4300B512A9 /* Project object */ = {
			isa = PBXProject;
			attributes = {
				CLASSPREFIX = UIClearToolbar;
				LastUpgradeCheck = 0430;
			};
			buildConfigurationList = DBE3D01B15598B4300B512A9 /* Build configuration list for PBXProject "UIClearToolbar" */;
			compatibilityVersion = "Xcode 3.2";
			developmentRegion = English;
			hasScannedForEncodings = 0;
			knownRegions = (
				en,
			);
			mainGroup = DBE3D01615598B4300B512A9;
			productRefGroup = DBE3D02215598B4300B512A9 /* Products */;
			projectDirPath = "";
			projectRoot = "";
			targets = (
				DBE3D02015598B4300B512A9 /* UIClearToolbar */,
			);
		};
/* End PBXProject section */

/* Begin PBXResourcesBuildPhase section */
		DBE3D01F15598B4300B512A9 /* Resources */ = {
			isa = PBXResourcesBuildPhase;
			buildActionMask = 2147483647;
			files = (
				DBE3D03015598B4300B512A9 /* InfoPlist.strings in Resources */,
				DBE3D03915598B4300B512A9 /* MainStoryboard_iPhone.storyboard in Resources */,
				DBE3D03C15598B4300B512A9 /* MainStoryboard_iPad.storyboard in Resources */,
			);
			runOnlyForDeploymentPostprocessing = 0;
		};
/* End PBXResourcesBuildPhase section */

/* Begin PBXSourcesBuildPhase section */
		DBE3D01D15598B4300B512A9 /* Sources */ = {
			isa = PBXSourcesBuildPhase;
			buildActionMask = 2147483647;
			files = (
				DBE3D03215598B4300B512A9 /* main.m in Sources */,
				DBE3D03615598B4300B512A9 /* UIClearToolbarAppDelegate.m in Sources */,
				DBE3D03F15598B4300B512A9 /* UIClearToolbarViewController.m in Sources */,
				DBE3D04715598BA600B512A9 /* UIClearToolbar.m in Sources */,
			);
			runOnlyForDeploymentPostprocessing = 0;
		};
/* End PBXSourcesBuildPhase section */

/* Begin PBXVariantGroup section */
		DBE3D02E15598B4300B512A9 /* InfoPlist.strings */ = {
			isa = PBXVariantGroup;
			children = (
				DBE3D02F15598B4300B512A9 /* en */,
			);
			name = InfoPlist.strings;
			sourceTree = "<group>";
		};
		DBE3D03715598B4300B512A9 /* MainStoryboard_iPhone.storyboard */ = {
			isa = PBXVariantGroup;
			children = (
				DBE3D03815598B4300B512A9 /* en */,
			);
			name = MainStoryboard_iPhone.storyboard;
			sourceTree = "<group>";
		};
		DBE3D03A15598B4300B512A9 /* MainStoryboard_iPad.storyboard */ = {
			isa = PBXVariantGroup;
			children = (
				DBE3D03B15598B4300B512A9 /* en */,
			);
			name = MainStoryboard_iPad.storyboard;
			sourceTree = "<group>";
		};
/* End PBXVariantGroup section */

/* Begin XCBuildConfiguration section */
		DBE3D04015598B4300B512A9 /* Debug */ = {
			isa = XCBuildConfiguration;
			buildSettings = {
				ALWAYS_SEARCH_USER_PATHS = NO;
				ARCHS = "$(ARCHS_STANDARD_32_BIT)";
				CLANG_ENABLE_OBJC_ARC = YES;
				"CODE_SIGN_IDENTITY[sdk=iphoneos*]" = "iPhone Developer";
				COPY_PHASE_STRIP = NO;
				GCC_C_LANGUAGE_STANDARD = gnu99;
				GCC_DYNAMIC_NO_PIC = NO;
				GCC_OPTIMIZATION_LEVEL = 0;
				GCC_PREPROCESSOR_DEFINITIONS = (
					"DEBUG=1",
					"$(inherited)",
				);
				GCC_SYMBOLS_PRIVATE_EXTERN = NO;
				GCC_VERSION = com.apple.compilers.llvm.clang.1_0;
				GCC_WARN_ABOUT_RETURN_TYPE = YES;
				GCC_WARN_UNINITIALIZED_AUTOS = YES;
				GCC_WARN_UNUSED_VARIABLE = YES;
				IPHONEOS_DEPLOYMENT_TARGET = 5.1;
				SDKROOT = iphoneos;
				TARGETED_DEVICE_FAMILY = "1,2";
			};
			name = Debug;
		};
		DBE3D04115598B4300B512A9 /* Release */ = {
			isa = XCBuildConfiguration;
			buildSettings = {
				ALWAYS_SEARCH_USER_PATHS = NO;
				ARCHS = "$(ARCHS_STANDARD_32_BIT)";
				CLANG_ENABLE_OBJC_ARC = YES;
				"CODE_SIGN_IDENTITY[sdk=iphoneos*]" = "iPhone Developer";
				COPY_PHASE_STRIP = YES;
				GCC_C_LANGUAGE_STANDARD = gnu99;
				GCC_VERSION = com.apple.compilers.llvm.clang.1_0;
				GCC_WARN_ABOUT_RETURN_TYPE = YES;
				GCC_WARN_UNINITIALIZED_AUTOS = YES;
				GCC_WARN_UNUSED_VARIABLE = YES;
				IPHONEOS_DEPLOYMENT_TARGET = 5.1;
				OTHER_CFLAGS = "-DNS_BLOCK_ASSERTIONS=1";
				SDKROOT = iphoneos;
				TARGETED_DEVICE_FAMILY = "1,2";
				VALIDATE_PRODUCT = YES;
			};
			name = Release;
		};
		DBE3D04315598B4300B512A9 /* Debug */ = {
			isa = XCBuildConfiguration;
			buildSettings = {
				GCC_PRECOMPILE_PREFIX_HEADER = YES;
				GCC_PREFIX_HEADER = "UIClearToolbar/UIClearToolbar-Prefix.pch";
				INFOPLIST_FILE = "UIClearToolbar/UIClearToolbar-Info.plist";
				PRODUCT_NAME = "$(TARGET_NAME)";
				WRAPPER_EXTENSION = app;
			};
			name = Debug;
		};
		DBE3D04415598B4300B512A9 /* Release */ = {
			isa = XCBuildConfiguration;
			buildSettings = {
				GCC_PRECOMPILE_PREFIX_HEADER = YES;
				GCC_PREFIX_HEADER = "UIClearToolbar/UIClearToolbar-Prefix.pch";
				INFOPLIST_FILE = "UIClearToolbar/UIClearToolbar-Info.plist";
				PRODUCT_NAME = "$(TARGET_NAME)";
				WRAPPER_EXTENSION = app;
			};
			name = Release;
		};
/* End XCBuildConfiguration section */

/* Begin XCConfigurationList section */
		DBE3D01B15598B4300B512A9 /* Build configuration list for PBXProject "UIClearToolbar" */ = {
			isa = XCConfigurationList;
			buildConfigurations = (
				DBE3D04015598B4300B512A9 /* Debug */,
				DBE3D04115598B4300B512A9 /* Release */,
			);
			defaultConfigurationIsVisible = 0;
			defaultConfigurationName = Release;
		};
		DBE3D04215598B4300B512A9 /* Build configuration list for PBXNativeTarget "UIClearToolbar" */ = {
			isa = XCConfigurationList;
			buildConfigurations = (
				DBE3D04315598B4300B512A9 /* Debug */,
				DBE3D04415598B4300B512A9 /* Release */,
			);
			defaultConfigurationIsVisible = 0;
		};
/* End XCConfigurationList section */
	};
	rootObject = DBE3D01815598B4300B512A9 /* Project object */;
}
